// !$*UTF8*$!
{
	archiveVersion = 1;
	classes = {
	};
	objectVersion = 46;
	objects = {

/* Begin PBXBuildFile section */
		68B317701C57E2FC00CA6CE0 /* AppDelegate.swift in Sources */ = {isa = PBXBuildFile; fileRef = 68B3176F1C57E2FC00CA6CE0 /* AppDelegate.swift */; };
		68B317751C57E2FC00CA6CE0 /* Main.storyboard in Resources */ = {isa = PBXBuildFile; fileRef = 68B317731C57E2FC00CA6CE0 /* Main.storyboard */; };
		68B317771C57E2FC00CA6CE0 /* Assets.xcassets in Resources */ = {isa = PBXBuildFile; fileRef = 68B317761C57E2FC00CA6CE0 /* Assets.xcassets */; };
		68B3177A1C57E2FC00CA6CE0 /* LaunchScreen.storyboard in Resources */ = {isa = PBXBuildFile; fileRef = 68B317781C57E2FC00CA6CE0 /* LaunchScreen.storyboard */; };
		68B317821C57E56E00CA6CE0 /* MoviesViewController.swift in Sources */ = {isa = PBXBuildFile; fileRef = 68B317811C57E56E00CA6CE0 /* MoviesViewController.swift */; };
		68B317851C57F0A900CA6CE0 /* MovieCell.swift in Sources */ = {isa = PBXBuildFile; fileRef = 68B317841C57F0A900CA6CE0 /* MovieCell.swift */; };
		F6441FD3CBAB4EABFC3D1712 /* Pods_Movie_Viewer.framework in Frameworks */ = {isa = PBXBuildFile; fileRef = 425493402A880EB82AE87B0B /* Pods_Movie_Viewer.framework */; };
/* End PBXBuildFile section */

/* Begin PBXFileReference section */
		39EBA990ECB4B7C59618F0FC /* Pods-Movie Viewer.release.xcconfig */ = {isa = PBXFileReference; includeInIndex = 1; lastKnownFileType = text.xcconfig; name = "Pods-Movie Viewer.release.xcconfig"; path = "Pods/Target Support Files/Pods-Movie Viewer/Pods-Movie Viewer.release.xcconfig"; sourceTree = "<group>"; };
		425493402A880EB82AE87B0B /* Pods_Movie_Viewer.framework */ = {isa = PBXFileReference; explicitFileType = wrapper.framework; includeInIndex = 0; path = Pods_Movie_Viewer.framework; sourceTree = BUILT_PRODUCTS_DIR; };
		68B3176C1C57E2FC00CA6CE0 /* Movie Viewer.app */ = {isa = PBXFileReference; explicitFileType = wrapper.application; includeInIndex = 0; path = "Movie Viewer.app"; sourceTree = BUILT_PRODUCTS_DIR; };
		68B3176F1C57E2FC00CA6CE0 /* AppDelegate.swift */ = {isa = PBXFileReference; lastKnownFileType = sourcecode.swift; path = AppDelegate.swift; sourceTree = "<group>"; };
		68B317741C57E2FC00CA6CE0 /* Base */ = {isa = PBXFileReference; lastKnownFileType = file.storyboard; name = Base; path = Base.lproj/Main.storyboard; sourceTree = "<group>"; };
		68B317761C57E2FC00CA6CE0 /* Assets.xcassets */ = {isa = PBXFileReference; lastKnownFileType = folder.assetcatalog; path = Assets.xcassets; sourceTree = "<group>"; };
		68B317791C57E2FC00CA6CE0 /* Base */ = {isa = PBXFileReference; lastKnownFileType = file.storyboard; name = Base; path = Base.lproj/LaunchScreen.storyboard; sourceTree = "<group>"; };
		68B3177B1C57E2FC00CA6CE0 /* Info.plist */ = {isa = PBXFileReference; lastKnownFileType = text.plist.xml; path = Info.plist; sourceTree = "<group>"; };
		68B317811C57E56E00CA6CE0 /* MoviesViewController.swift */ = {isa = PBXFileReference; fileEncoding = 4; lastKnownFileType = sourcecode.swift; name = MoviesViewController.swift; path = ../MoviesViewController.swift; sourceTree = "<group>"; };
		68B317841C57F0A900CA6CE0 /* MovieCell.swift */ = {isa = PBXFileReference; fileEncoding = 4; lastKnownFileType = sourcecode.swift; path = MovieCell.swift; sourceTree = "<group>"; };
		ECC56BF1311776D4AB4DB962 /* Pods-Movie Viewer.debug.xcconfig */ = {isa = PBXFileReference; includeInIndex = 1; lastKnownFileType = text.xcconfig; name = "Pods-Movie Viewer.debug.xcconfig"; path = "Pods/Target Support Files/Pods-Movie Viewer/Pods-Movie Viewer.debug.xcconfig"; sourceTree = "<group>"; };
/* End PBXFileReference section */

/* Begin PBXFrameworksBuildPhase section */
		68B317691C57E2FC00CA6CE0 /* Frameworks */ = {
			isa = PBXFrameworksBuildPhase;
			buildActionMask = 2147483647;
			files = (
				F6441FD3CBAB4EABFC3D1712 /* Pods_Movie_Viewer.framework in Frameworks */,
			);
			runOnlyForDeploymentPostprocessing = 0;
		};
/* End PBXFrameworksBuildPhase section */

/* Begin PBXGroup section */
		43273B66ED5C4404D87323C3 /* Pods */ = {
			isa = PBXGroup;
			children = (
				ECC56BF1311776D4AB4DB962 /* Pods-Movie Viewer.debug.xcconfig */,
				39EBA990ECB4B7C59618F0FC /* Pods-Movie Viewer.release.xcconfig */,
			);
			name = Pods;
			sourceTree = "<group>";
		};
		68B317631C57E2FB00CA6CE0 = {
			isa = PBXGroup;
			children = (
				68B3176E1C57E2FC00CA6CE0 /* Movie Viewer */,
				68B3176D1C57E2FC00CA6CE0 /* Products */,
				43273B66ED5C4404D87323C3 /* Pods */,
				BDD6A49DCE19CA4C0D0A2A92 /* Frameworks */,
			);
			sourceTree = "<group>";
		};
		68B3176D1C57E2FC00CA6CE0 /* Products */ = {
			isa = PBXGroup;
			children = (
				68B3176C1C57E2FC00CA6CE0 /* Movie Viewer.app */,
			);
			name = Products;
			sourceTree = "<group>";
		};
		68B3176E1C57E2FC00CA6CE0 /* Movie Viewer */ = {
			isa = PBXGroup;
			children = (
				68B317831C57F06B00CA6CE0 /* Views */,
				68B3176F1C57E2FC00CA6CE0 /* AppDelegate.swift */,
				68B317731C57E2FC00CA6CE0 /* Main.storyboard */,
				68B317811C57E56E00CA6CE0 /* MoviesViewController.swift */,
				68B317761C57E2FC00CA6CE0 /* Assets.xcassets */,
				68B317781C57E2FC00CA6CE0 /* LaunchScreen.storyboard */,
				68B3177B1C57E2FC00CA6CE0 /* Info.plist */,
			);
			path = "Movie Viewer";
			sourceTree = "<group>";
		};
		68B317831C57F06B00CA6CE0 /* Views */ = {
			isa = PBXGroup;
			children = (
				68B317841C57F0A900CA6CE0 /* MovieCell.swift */,
			);
			name = Views;
			sourceTree = "<group>";
		};
		BDD6A49DCE19CA4C0D0A2A92 /* Frameworks */ = {
			isa = PBXGroup;
			children = (
				425493402A880EB82AE87B0B /* Pods_Movie_Viewer.framework */,
			);
			name = Frameworks;
			sourceTree = "<group>";
		};
/* End PBXGroup section */

/* Begin PBXNativeTarget section */
		68B3176B1C57E2FC00CA6CE0 /* Movie Viewer */ = {
			isa = PBXNativeTarget;
			buildConfigurationList = 68B3177E1C57E2FC00CA6CE0 /* Build configuration list for PBXNativeTarget "Movie Viewer" */;
			buildPhases = (
				28CDD7FFEC88D89A5718511E /* Check Pods Manifest.lock */,
				68B317681C57E2FC00CA6CE0 /* Sources */,
				68B317691C57E2FC00CA6CE0 /* Frameworks */,
				68B3176A1C57E2FC00CA6CE0 /* Resources */,
				7EA0421459A8B76A4EE7535C /* Embed Pods Frameworks */,
				58F415A6F404BD0D5416619F /* Copy Pods Resources */,
			);
			buildRules = (
			);
			dependencies = (
			);
			name = "Movie Viewer";
			productName = "Movie Viewer";
			productReference = 68B3176C1C57E2FC00CA6CE0 /* Movie Viewer.app */;
			productType = "com.apple.product-type.application";
		};
/* End PBXNativeTarget section */

/* Begin PBXProject section */
		68B317641C57E2FB00CA6CE0 /* Project object */ = {
			isa = PBXProject;
			attributes = {
				LastSwiftUpdateCheck = 0720;
				LastUpgradeCheck = 0720;
				ORGANIZATIONNAME = MkGo;
				TargetAttributes = {
					68B3176B1C57E2FC00CA6CE0 = {
						CreatedOnToolsVersion = 7.2;
					};
				};
			};
			buildConfigurationList = 68B317671C57E2FB00CA6CE0 /* Build configuration list for PBXProject "Movie Viewer" */;
			compatibilityVersion = "Xcode 3.2";
			developmentRegion = English;
			hasScannedForEncodings = 0;
			knownRegions = (
				en,
				Base,
			);
			mainGroup = 68B317631C57E2FB00CA6CE0;
			productRefGroup = 68B3176D1C57E2FC00CA6CE0 /* Products */;
			projectDirPath = "";
			projectRoot = "";
			targets = (
				68B3176B1C57E2FC00CA6CE0 /* Movie Viewer */,
			);
		};
/* End PBXProject section */

/* Begin PBXResourcesBuildPhase section */
		68B3176A1C57E2FC00CA6CE0 /* Resources */ = {
			isa = PBXResourcesBuildPhase;
			buildActionMask = 2147483647;
			files = (
				68B3177A1C57E2FC00CA6CE0 /* LaunchScreen.storyboard in Resources */,
				68B317771C57E2FC00CA6CE0 /* Assets.xcassets in Resources */,
				68B317751C57E2FC00CA6CE0 /* Main.storyboard in Resources */,
			);
			runOnlyForDeploymentPostprocessing = 0;
		};
/* End PBXResourcesBuildPhase section */

/* Begin PBXShellScriptBuildPhase section */
		28CDD7FFEC88D89A5718511E /* Check Pods Manifest.lock */ = {
			isa = PBXShellScriptBuildPhase;
			buildActionMask = 2147483647;
			files = (
			);
			inputPaths = (
			);
			name = "Check Pods Manifest.lock";
			outputPaths = (
			);
			runOnlyForDeploymentPostprocessing = 0;
			shellPath = /bin/sh;
			shellScript = "diff \"${PODS_ROOT}/../Podfile.lock\" \"${PODS_ROOT}/Manifest.lock\" > /dev/null\nif [[ $? != 0 ]] ; then\n    cat << EOM\nerror: The sandbox is not in sync with the Podfile.lock. Run 'pod install' or update your CocoaPods installation.\nEOM\n    exit 1\nfi\n";
			showEnvVarsInLog = 0;
		};
		58F415A6F404BD0D5416619F /* Copy Pods Resources */ = {
			isa = PBXShellScriptBuildPhase;
			buildActionMask = 2147483647;
			files = (
			);
			inputPaths = (
			);
			name = "Copy Pods Resources";
			outputPaths = (
			);
			runOnlyForDeploymentPostprocessing = 0;
			shellPath = /bin/sh;
			shellScript = "\"${SRCROOT}/Pods/Target Support Files/Pods-Movie Viewer/Pods-Movie Viewer-resources.sh\"\n";
			showEnvVarsInLog = 0;
		};
		7EA0421459A8B76A4EE7535C /* Embed Pods Frameworks */ = {
			isa = PBXShellScriptBuildPhase;
			buildActionMask = 2147483647;
			files = (
			);
			inputPaths = (
			);
			name = "Embed Pods Frameworks";
			outputPaths = (
			);
			runOnlyForDeploymentPostprocessing = 0;
			shellPath = /bin/sh;
			shellScript = "\"${SRCROOT}/Pods/Target Support Files/Pods-Movie Viewer/Pods-Movie Viewer-frameworks.sh\"\n";
			showEnvVarsInLog = 0;
		};
/* End PBXShellScriptBuildPhase section */

/* Begin PBXSourcesBuildPhase section */
		68B317681C57E2FC00CA6CE0 /* Sources */ = {
			isa = PBXSourcesBuildPhase;
			buildActionMask = 2147483647;
			files = (
				68B317701C57E2FC00CA6CE0 /* AppDelegate.swift in Sources */,
				68B317821C57E56E00CA6CE0 /* MoviesViewController.swift in Sources */,
				68B317851C57F0A900CA6CE0 /* MovieCell.swift in Sources */,
			);
			runOnlyForDeploymentPostprocessing = 0;
		};
/* End PBXSourcesBuildPhase section */

/* Begin PBXVariantGroup section */
		68B317731C57E2FC00CA6CE0 /* Main.storyboard */ = {
			isa = PBXVariantGroup;
			children = (
				68B317741C57E2FC00CA6CE0 /* Base */,
			);
			name = Main.storyboard;
			sourceTree = "<group>";
		};
		68B317781C57E2FC00CA6CE0 /* LaunchScreen.storyboard */ = {
			isa = PBXVariantGroup;
			children = (
				68B317791C57E2FC00CA6CE0 /* Base */,
			);
			name = LaunchScreen.storyboard;
			sourceTree = "<group>";
		};
/* End PBXVariantGroup section */

/* Begin XCBuildConfiguration section */
		68B3177C1C57E2FC00CA6CE0 /* Debug */ = {
			isa = XCBuildConfiguration;
			buildSettings = {
				ALWAYS_SEARCH_USER_PATHS = NO;
				CLANG_CXX_LANGUAGE_STANDARD = "gnu++0x";
				CLANG_CXX_LIBRARY = "libc++";
				CLANG_ENABLE_MODULES = YES;
				CLANG_ENABLE_OBJC_ARC = YES;
				CLANG_WARN_BOOL_CONVERSION = YES;
				CLANG_WARN_CONSTANT_CONVERSION = YES;
				CLANG_WARN_DIRECT_OBJC_ISA_USAGE = YES_ERROR;
				CLANG_WARN_EMPTY_BODY = YES;
				CLANG_WARN_ENUM_CONVERSION = YES;
				CLANG_WARN_INT_CONVERSION = YES;
				CLANG_WARN_OBJC_ROOT_CLASS = YES_ERROR;
				CLANG_WARN_UNREACHABLE_CODE = YES;
				CLANG_WARN__DUPLICATE_METHOD_MATCH = YES;
				"CODE_SIGN_IDENTITY[sdk=iphoneos*]" = "iPhone Developer";
				COPY_PHASE_STRIP = NO;
				DEBUG_INFORMATION_FORMAT = dwarf;
				ENABLE_STRICT_OBJC_MSGSEND = YES;
				ENABLE_TESTABILITY = YES;
				GCC_C_LANGUAGE_STANDARD = gnu99;
				GCC_DYNAMIC_NO_PIC = NO;
				GCC_NO_COMMON_BLOCKS = YES;
				GCC_OPTIMIZATION_LEVEL = 0;
				GCC_PREPROCESSOR_DEFINITIONS = (
					"DEBUG=1",
					"$(inherited)",
				);
				GCC_WARN_64_TO_32_BIT_CONVERSION = YES;
				GCC_WARN_ABOUT_RETURN_TYPE = YES_ERROR;
				GCC_WARN_UNDECLARED_SELECTOR = YES;
				GCC_WARN_UNINITIALIZED_AUTOS = YES_AGGRESSIVE;
				GCC_WARN_UNUSED_FUNCTION = YES;
				GCC_WARN_UNUSED_VARIABLE = YES;
				IPHONEOS_DEPLOYMENT_TARGET = 9.2;
				MTL_ENABLE_DEBUG_INFO = YES;
				ONLY_ACTIVE_ARCH = YES;
				SDKROOT = iphoneos;
				SWIFT_OPTIMIZATION_LEVEL = "-Onone";
			};
			name = Debug;
		};
		68B3177D1C57E2FC00CA6CE0 /* Release */ = {
			isa = XCBuildConfiguration;
			buildSettings = {
				ALWAYS_SEARCH_USER_PATHS = NO;
				CLANG_CXX_LANGUAGE_STANDARD = "gnu++0x";
				CLANG_CXX_LIBRARY = "libc++";
				CLANG_ENABLE_MODULES = YES;
				CLANG_ENABLE_OBJC_ARC = YES;
				CLANG_WARN_BOOL_CONVERSION = YES;
				CLANG_WARN_CONSTANT_CONVERSION = YES;
				CLANG_WARN_DIRECT_OBJC_ISA_USAGE = YES_ERROR;
				CLANG_WARN_EMPTY_BODY = YES;
				CLANG_WARN_ENUM_CONVERSION = YES;
				CLANG_WARN_INT_CONVERSION = YES;
				CLANG_WARN_OBJC_ROOT_CLASS = YES_ERROR;
				CLANG_WARN_UNREACHABLE_CODE = YES;
				CLANG_WARN__DUPLICATE_METHOD_MATCH = YES;
				"CODE_SIGN_IDENTITY[sdk=iphoneos*]" = "iPhone Developer";
				COPY_PHASE_STRIP = NO;
				DEBUG_INFORMATION_FORMAT = "dwarf-with-dsym";
				ENABLE_NS_ASSERTIONS = NO;
				ENABLE_STRICT_OBJC_MSGSEND = YES;
				GCC_C_LANGUAGE_STANDARD = gnu99;
				GCC_NO_COMMON_BLOCKS = YES;
				GCC_WARN_64_TO_32_BIT_CONVERSION = YES;
				GCC_WARN_ABOUT_RETURN_TYPE = YES_ERROR;
				GCC_WARN_UNDECLARED_SELECTOR = YES;
				GCC_WARN_UNINITIALIZED_AUTOS = YES_AGGRESSIVE;
				GCC_WARN_UNUSED_FUNCTION = YES;
				GCC_WARN_UNUSED_VARIABLE = YES;
				IPHONEOS_DEPLOYMENT_TARGET = 9.2;
				MTL_ENABLE_DEBUG_INFO = NO;
				SDKROOT = iphoneos;
				VALIDATE_PRODUCT = YES;
			};
			name = Release;
		};
		68B3177F1C57E2FC00CA6CE0 /* Debug */ = {
			isa = XCBuildConfiguration;
			baseConfigurationReference = ECC56BF1311776D4AB4DB962 /* Pods-Movie Viewer.debug.xcconfig */;
			buildSettings = {
				ASSETCATALOG_COMPILER_APPICON_NAME = AppIcon;
				INFOPLIST_FILE = "Movie Viewer/Info.plist";
				IPHONEOS_DEPLOYMENT_TARGET = 8.1;
				LD_RUNPATH_SEARCH_PATHS = "$(inherited) @executable_path/Frameworks";
				PRODUCT_BUNDLE_IDENTIFIER = "com.mkgo.Movie-Viewer";
				PRODUCT_NAME = "$(TARGET_NAME)";
			};
			name = Debug;
		};
		68B317801C57E2FC00CA6CE0 /* Release */ = {
			isa = XCBuildConfiguration;
			baseConfigurationReference = 39EBA990ECB4B7C59618F0FC /* Pods-Movie Viewer.release.xcconfig */;
			buildSettings = {
				ASSETCATALOG_COMPILER_APPICON_NAME = AppIcon;
				INFOPLIST_FILE = "Movie Viewer/Info.plist";
				IPHONEOS_DEPLOYMENT_TARGET = 8.1;
				LD_RUNPATH_SEARCH_PATHS = "$(inherited) @executable_path/Frameworks";
				PRODUCT_BUNDLE_IDENTIFIER = "com.mkgo.Movie-Viewer";
				PRODUCT_NAME = "$(TARGET_NAME)";
			};
			name = Release;
		};
/* End XCBuildConfiguration section */

/* Begin XCConfigurationList section */
		68B317671C57E2FB00CA6CE0 /* Build configuration list for PBXProject "Movie Viewer" */ = {
			isa = XCConfigurationList;
			buildConfigurations = (
				68B3177C1C57E2FC00CA6CE0 /* Debug */,
				68B3177D1C57E2FC00CA6CE0 /* Release */,
			);
			defaultConfigurationIsVisible = 0;
			defaultConfigurationName = Release;
		};
		68B3177E1C57E2FC00CA6CE0 /* Build configuration list for PBXNativeTarget "Movie Viewer" */ = {
			isa = XCConfigurationList;
			buildConfigurations = (
				68B3177F1C57E2FC00CA6CE0 /* Debug */,
				68B317801C57E2FC00CA6CE0 /* Release */,
			);
			defaultConfigurationIsVisible = 0;
			defaultConfigurationName = Release;
		};
/* End XCConfigurationList section */
	};
	rootObject = 68B317641C57E2FB00CA6CE0 /* Project object */;
}
